
Microsoft Visual Studio Solution File, Format Version 12.00
# Visual Studio Version 17
VisualStudioVersion = 17.0.31903.59
MinimumVisualStudioVersion = 10.0.40219.1
Project("{2150E333-8FDC-42A3-9474-1A3956D46DE8}") = "source", "source", "{0CFAE81F-2932-4250-A674-F8F5275E858D}"
EndProject
Project("{FAE04EC0-301F-11D3-BF4B-00C04F79EFBC}") = "CogniVault.Application", "source\CogniVault.Application\CogniVault.Application.csproj", "{5BE2BE5A-FCDA-4A2D-B25E-5228B07A6D0C}"
EndProject
Project("{2150E333-8FDC-42A3-9474-1A3956D46DE8}") = "tests", "tests", "{E65D1370-72B7-4F27-A7B9-72E3EF11B7C0}"
EndProject
Project("{FAE04EC0-301F-11D3-BF4B-00C04F79EFBC}") = "CogniVault.Application.Tests", "tests\CogniVault.Application.Tests\CogniVault.Application.Tests.csproj", "{3E3100F2-4D6B-42E8-BD49-E0509CD52A5E}"
EndProject
Project("{FAE04EC0-301F-11D3-BF4B-00C04F79EFBC}") = "DataStructures.Unit", "tests\DataStructures.Unit\DataStructures.Unit.csproj", "{A9E41148-8CD1-4564-8A3F-65FB4DD2CA2D}"
EndProject
Project("{9A19103F-16F7-4668-BE54-9A1E7A4F7556}") = "_build", "build\_build.csproj", "{E5F7EB74-7D56-4C77-A700-CF5C8B555767}"
EndProject
Project("{FAE04EC0-301F-11D3-BF4B-00C04F79EFBC}") = "CogniVault.FileSystem.Provider.Abstractions", "source\CogniVault.FileSystem.Provider.Abstractions\CogniVault.FileSystem.Provider.Abstractions.csproj", "{FECA502B-6BE8-4044-B3E6-BEC2FA09BAB1}"
EndProject
Project("{FAE04EC0-301F-11D3-BF4B-00C04F79EFBC}") = "CogniVault.FileSystem.Provider.Memory", "source\CogniVault.FileSystem.Provider.Memory\CogniVault.FileSystem.Provider.Memory.csproj", "{C46531CF-6FA2-4893-BB4F-60E03126246F}"
EndProject
Project("{FAE04EC0-301F-11D3-BF4B-00C04F79EFBC}") = "Application", "source\CogniVault.Platform.Core\CogniVault.Platform.Core.csproj", "{A43C6AED-BCB0-45A7-82EF-D7CE157B6BFD}"
EndProject
Project("{FAE04EC0-301F-11D3-BF4B-00C04F79EFBC}") = "CogniVault.Platform.Identity", "source\CogniVault.Platform.Identity\CogniVault.Platform.Identity.csproj", "{CBEE1AD1-F789-4483-8EBA-D82E444B04AC}"
EndProject
Project("{FAE04EC0-301F-11D3-BF4B-00C04F79EFBC}") = "CogniVault.Api.Identity", "source\CogniVault.Api.Identity\CogniVault.Api.Identity.csproj", "{702F557F-736C-4585-AB8F-8A8E3084D93A}"
EndProject
Project("{FAE04EC0-301F-11D3-BF4B-00C04F79EFBC}") = "CogniVault.UI.WebAssembly", "source\CogniVault.UI.WebAssembly\CogniVault.UI.WebAssembly.csproj", "{48A6B35B-076C-4231-A6B9-A8D6C0C68BB7}"
EndProject
Project("{FAE04EC0-301F-11D3-BF4B-00C04F79EFBC}") = "CogniVault.Api.FileManager", "source\CogniVault.Api.FileManager\CogniVault.Api.FileManager.csproj", "{1A3CAF3D-94BC-4103-867D-EDE4D5FE05FC}"
EndProject
Project("{FAE04EC0-301F-11D3-BF4B-00C04F79EFBC}") = "CogniVault.FileSystem.Provider.Blob", "source\CogniVault.FileSystem.Provider.Blob\CogniVault.FileSystem.Provider.Blob.csproj", "{93D4B474-DA9A-48BA-9C5B-8C126A138B46}"
EndProject
Project("{FAE04EC0-301F-11D3-BF4B-00C04F79EFBC}") = "CogniVault.Platform.Identity.EFCore", "source\CogniVault.Platform.Identity.EFCore\CogniVault.Platform.Identity.EFCore.csproj", "{7357BDE4-58CB-4166-9FCF-208E4CD3BE3D}"
EndProject
Project("{FAE04EC0-301F-11D3-BF4B-00C04F79EFBC}") = "CogniVault.Platform.Core.RestApi", "source\CogniVault.Platform.Core.RestApi\CogniVault.Platform.Core.RestApi.csproj", "{EAF47A61-3DA3-4AF1-9E7F-EEF017C50FEF}"
EndProject
Global
	GlobalSection(SolutionConfigurationPlatforms) = preSolution
		Debug|Any CPU = Debug|Any CPU
		Release|Any CPU = Release|Any CPU
	EndGlobalSection
	GlobalSection(SolutionProperties) = preSolution
		HideSolutionNode = FALSE
	EndGlobalSection
	GlobalSection(ProjectConfigurationPlatforms) = postSolution
		{E5F7EB74-7D56-4C77-A700-CF5C8B555767}.Debug|Any CPU.ActiveCfg = Debug|Any CPU
		{E5F7EB74-7D56-4C77-A700-CF5C8B555767}.Release|Any CPU.ActiveCfg = Release|Any CPU
		{5BE2BE5A-FCDA-4A2D-B25E-5228B07A6D0C}.Debug|Any CPU.ActiveCfg = Debug|Any CPU
		{5BE2BE5A-FCDA-4A2D-B25E-5228B07A6D0C}.Debug|Any CPU.Build.0 = Debug|Any CPU
		{5BE2BE5A-FCDA-4A2D-B25E-5228B07A6D0C}.Release|Any CPU.ActiveCfg = Release|Any CPU
		{5BE2BE5A-FCDA-4A2D-B25E-5228B07A6D0C}.Release|Any CPU.Build.0 = Release|Any CPU
		{3E3100F2-4D6B-42E8-BD49-E0509CD52A5E}.Debug|Any CPU.ActiveCfg = Debug|Any CPU
		{3E3100F2-4D6B-42E8-BD49-E0509CD52A5E}.Debug|Any CPU.Build.0 = Debug|Any CPU
		{3E3100F2-4D6B-42E8-BD49-E0509CD52A5E}.Release|Any CPU.ActiveCfg = Release|Any CPU
		{3E3100F2-4D6B-42E8-BD49-E0509CD52A5E}.Release|Any CPU.Build.0 = Release|Any CPU
		{A9E41148-8CD1-4564-8A3F-65FB4DD2CA2D}.Debug|Any CPU.ActiveCfg = Debug|Any CPU
		{A9E41148-8CD1-4564-8A3F-65FB4DD2CA2D}.Debug|Any CPU.Build.0 = Debug|Any CPU
		{A9E41148-8CD1-4564-8A3F-65FB4DD2CA2D}.Release|Any CPU.ActiveCfg = Release|Any CPU
		{A9E41148-8CD1-4564-8A3F-65FB4DD2CA2D}.Release|Any CPU.Build.0 = Release|Any CPU
		{FECA502B-6BE8-4044-B3E6-BEC2FA09BAB1}.Debug|Any CPU.ActiveCfg = Debug|Any CPU
		{FECA502B-6BE8-4044-B3E6-BEC2FA09BAB1}.Debug|Any CPU.Build.0 = Debug|Any CPU
		{FECA502B-6BE8-4044-B3E6-BEC2FA09BAB1}.Release|Any CPU.ActiveCfg = Release|Any CPU
		{FECA502B-6BE8-4044-B3E6-BEC2FA09BAB1}.Release|Any CPU.Build.0 = Release|Any CPU
		{C46531CF-6FA2-4893-BB4F-60E03126246F}.Debug|Any CPU.ActiveCfg = Debug|Any CPU
		{C46531CF-6FA2-4893-BB4F-60E03126246F}.Debug|Any CPU.Build.0 = Debug|Any CPU
		{C46531CF-6FA2-4893-BB4F-60E03126246F}.Release|Any CPU.ActiveCfg = Release|Any CPU
		{C46531CF-6FA2-4893-BB4F-60E03126246F}.Release|Any CPU.Build.0 = Release|Any CPU
		{A43C6AED-BCB0-45A7-82EF-D7CE157B6BFD}.Debug|Any CPU.ActiveCfg = Debug|Any CPU
		{A43C6AED-BCB0-45A7-82EF-D7CE157B6BFD}.Debug|Any CPU.Build.0 = Debug|Any CPU
		{A43C6AED-BCB0-45A7-82EF-D7CE157B6BFD}.Release|Any CPU.ActiveCfg = Release|Any CPU
		{A43C6AED-BCB0-45A7-82EF-D7CE157B6BFD}.Release|Any CPU.Build.0 = Release|Any CPU
		{CBEE1AD1-F789-4483-8EBA-D82E444B04AC}.Debug|Any CPU.ActiveCfg = Debug|Any CPU
		{CBEE1AD1-F789-4483-8EBA-D82E444B04AC}.Debug|Any CPU.Build.0 = Debug|Any CPU
		{CBEE1AD1-F789-4483-8EBA-D82E444B04AC}.Release|Any CPU.ActiveCfg = Release|Any CPU
		{CBEE1AD1-F789-4483-8EBA-D82E444B04AC}.Release|Any CPU.Build.0 = Release|Any CPU
		{702F557F-736C-4585-AB8F-8A8E3084D93A}.Debug|Any CPU.ActiveCfg = Debug|Any CPU
		{702F557F-736C-4585-AB8F-8A8E3084D93A}.Debug|Any CPU.Build.0 = Debug|Any CPU
		{702F557F-736C-4585-AB8F-8A8E3084D93A}.Release|Any CPU.ActiveCfg = Release|Any CPU
		{702F557F-736C-4585-AB8F-8A8E3084D93A}.Release|Any CPU.Build.0 = Release|Any CPU
		{48A6B35B-076C-4231-A6B9-A8D6C0C68BB7}.Debug|Any CPU.ActiveCfg = Debug|Any CPU
		{48A6B35B-076C-4231-A6B9-A8D6C0C68BB7}.Debug|Any CPU.Build.0 = Debug|Any CPU
		{48A6B35B-076C-4231-A6B9-A8D6C0C68BB7}.Release|Any CPU.ActiveCfg = Release|Any CPU
		{48A6B35B-076C-4231-A6B9-A8D6C0C68BB7}.Release|Any CPU.Build.0 = Release|Any CPU
		{1A3CAF3D-94BC-4103-867D-EDE4D5FE05FC}.Debug|Any CPU.ActiveCfg = Debug|Any CPU
		{1A3CAF3D-94BC-4103-867D-EDE4D5FE05FC}.Debug|Any CPU.Build.0 = Debug|Any CPU
		{1A3CAF3D-94BC-4103-867D-EDE4D5FE05FC}.Release|Any CPU.ActiveCfg = Release|Any CPU
		{1A3CAF3D-94BC-4103-867D-EDE4D5FE05FC}.Release|Any CPU.Build.0 = Release|Any CPU
		{93D4B474-DA9A-48BA-9C5B-8C126A138B46}.Debug|Any CPU.ActiveCfg = Debug|Any CPU
		{93D4B474-DA9A-48BA-9C5B-8C126A138B46}.Debug|Any CPU.Build.0 = Debug|Any CPU
		{93D4B474-DA9A-48BA-9C5B-8C126A138B46}.Release|Any CPU.ActiveCfg = Release|Any CPU
		{93D4B474-DA9A-48BA-9C5B-8C126A138B46}.Release|Any CPU.Build.0 = Release|Any CPU
		{7357BDE4-58CB-4166-9FCF-208E4CD3BE3D}.Debug|Any CPU.ActiveCfg = Debug|Any CPU
		{7357BDE4-58CB-4166-9FCF-208E4CD3BE3D}.Debug|Any CPU.Build.0 = Debug|Any CPU
		{7357BDE4-58CB-4166-9FCF-208E4CD3BE3D}.Release|Any CPU.ActiveCfg = Release|Any CPU
		{7357BDE4-58CB-4166-9FCF-208E4CD3BE3D}.Release|Any CPU.Build.0 = Release|Any CPU
		{EAF47A61-3DA3-4AF1-9E7F-EEF017C50FEF}.Debug|Any CPU.ActiveCfg = Debug|Any CPU
		{EAF47A61-3DA3-4AF1-9E7F-EEF017C50FEF}.Debug|Any CPU.Build.0 = Debug|Any CPU
		{EAF47A61-3DA3-4AF1-9E7F-EEF017C50FEF}.Release|Any CPU.ActiveCfg = Release|Any CPU
		{EAF47A61-3DA3-4AF1-9E7F-EEF017C50FEF}.Release|Any CPU.Build.0 = Release|Any CPU
	EndGlobalSection
	GlobalSection(NestedProjects) = preSolution
		{5BE2BE5A-FCDA-4A2D-B25E-5228B07A6D0C} = {0CFAE81F-2932-4250-A674-F8F5275E858D}
		{3E3100F2-4D6B-42E8-BD49-E0509CD52A5E} = {E65D1370-72B7-4F27-A7B9-72E3EF11B7C0}
		{A9E41148-8CD1-4564-8A3F-65FB4DD2CA2D} = {E65D1370-72B7-4F27-A7B9-72E3EF11B7C0}
		{FECA502B-6BE8-4044-B3E6-BEC2FA09BAB1} = {0CFAE81F-2932-4250-A674-F8F5275E858D}
		{C46531CF-6FA2-4893-BB4F-60E03126246F} = {0CFAE81F-2932-4250-A674-F8F5275E858D}
		{A43C6AED-BCB0-45A7-82EF-D7CE157B6BFD} = {0CFAE81F-2932-4250-A674-F8F5275E858D}
		{CBEE1AD1-F789-4483-8EBA-D82E444B04AC} = {0CFAE81F-2932-4250-A674-F8F5275E858D}
		{702F557F-736C-4585-AB8F-8A8E3084D93A} = {0CFAE81F-2932-4250-A674-F8F5275E858D}
		{48A6B35B-076C-4231-A6B9-A8D6C0C68BB7} = {0CFAE81F-2932-4250-A674-F8F5275E858D}
		{1A3CAF3D-94BC-4103-867D-EDE4D5FE05FC} = {0CFAE81F-2932-4250-A674-F8F5275E858D}
		{93D4B474-DA9A-48BA-9C5B-8C126A138B46} = {0CFAE81F-2932-4250-A674-F8F5275E858D}
		{7357BDE4-58CB-4166-9FCF-208E4CD3BE3D} = {0CFAE81F-2932-4250-A674-F8F5275E858D}
		{EAF47A61-3DA3-4AF1-9E7F-EEF017C50FEF} = {0CFAE81F-2932-4250-A674-F8F5275E858D}
	EndGlobalSection
EndGlobal
